
Microsoft Visual Studio Solution File, Format Version 12.00
# Visual Studio Version 17
VisualStudioVersion = 17.6.33723.286
MinimumVisualStudioVersion = 10.0.40219.1
Project("{FAE04EC0-301F-11D3-BF4B-00C04F79EFBC}") = "Portfolio", "Portfolio\Portfolio.csproj", "{35BBA837-28F6-44D4-BF82-A03BD5375E06}"
EndProject
Global
	GlobalSection(SolutionConfigurationPlatforms) = preSolution
		Debug|Any CPU = Debug|Any CPU
		Release|Any CPU = Release|Any CPU
	EndGlobalSection
	GlobalSection(ProjectConfigurationPlatforms) = postSolution
		{35BBA837-28F6-44D4-BF82-A03BD5375E06}.Debug|Any CPU.ActiveCfg = Debug|Any CPU
		{35BBA837-28F6-44D4-BF82-A03BD5375E06}.Debug|Any CPU.Build.0 = Debug|Any CPU
		{35BBA837-28F6-44D4-BF82-A03BD5375E06}.Release|Any CPU.ActiveCfg = Release|Any CPU
		{35BBA837-28F6-44D4-BF82-A03BD5375E06}.Release|Any CPU.Build.0 = Release|Any CPU
	EndGlobalSection
	GlobalSection(SolutionProperties) = preSolution
		HideSolutionNode = FALSE
	EndGlobalSection
	GlobalSection(ExtensibilityGlobals) = postSolution
		SolutionGuid = {DB9E6077-C9AB-45AF-ABD6-09F75E0E5252}
	EndGlobalSection
EndGlobal
